
Microsoft Visual Studio Solution File, Format Version 12.00
# Visual Studio Version 17
VisualStudioVersion = 17.10.35004.147
MinimumVisualStudioVersion = 10.0.40219.1
Project("{FAE04EC0-301F-11D3-BF4B-00C04F79EFBC}") = "CSharp-warrior", "CSharp-warrior.csproj", "{762E4B3C-25C6-490E-9DD9-324C9A6A1083}"
EndProject
Global
	GlobalSection(SolutionConfigurationPlatforms) = preSolution
		Debug|Any CPU = Debug|Any CPU
		Release|Any CPU = Release|Any CPU
	EndGlobalSection
	GlobalSection(ProjectConfigurationPlatforms) = postSolution
		{762E4B3C-25C6-490E-9DD9-324C9A6A1083}.Debug|Any CPU.ActiveCfg = Debug|Any CPU
		{762E4B3C-25C6-490E-9DD9-324C9A6A1083}.Debug|Any CPU.Build.0 = Debug|Any CPU
		{762E4B3C-25C6-490E-9DD9-324C9A6A1083}.Release|Any CPU.ActiveCfg = Release|Any CPU
		{762E4B3C-25C6-490E-9DD9-324C9A6A1083}.Release|Any CPU.Build.0 = Release|Any CPU
	EndGlobalSection
	GlobalSection(SolutionProperties) = preSolution
		HideSolutionNode = FALSE
	EndGlobalSection
	GlobalSection(ExtensibilityGlobals) = postSolution
		SolutionGuid = {36889FD9-E059-4F84-86ED-C5BDE4D41554}
	EndGlobalSection
EndGlobal
